PODS:
  - CLTypingLabel (0.4.0)
  - IQKeyboardManagerSwift (6.3.0)

DEPENDENCIES:
  - CLTypingLabel (~> 0.4.0)
  - IQKeyboardManagerSwift (~> 6.3.0)

SPEC REPOS:
  trunk:
    - CLTypingLabel
    - IQKeyboardManagerSwift

SPEC CHECKSUMS:
  CLTypingLabel: 95a7d1faf7e3d1d952cd11cb0491d17d80c50934
  IQKeyboardManagerSwift: a8228c257614af98743b4cd8584637025f36358f

PODFILE CHECKSUM: bbff51c0937905dd103623c27255e64af399a867

COCOAPODS: 1.15.2
